
Microsoft Visual Studio Solution File, Format Version 12.00
# Visual Studio Version 17
VisualStudioVersion = 17.5.33516.290
MinimumVisualStudioVersion = 10.0.40219.1
Project("{8BC9CEB8-8B4A-11D0-8D11-00A0C91BC942}") = "CDark-Engine-1.0.0", "CDark-Engine-1.0.0\CDark-Engine-1.0.0.vcxproj", "{3E4213D3-5F02-49B0-9051-ED39FE353185}"
EndProject
Global
	GlobalSection(SolutionConfigurationPlatforms) = preSolution
		Debug|x64 = Debug|x64
		Debug|x86 = Debug|x86
		Release|x64 = Release|x64
		Release|x86 = Release|x86
	EndGlobalSection
	GlobalSection(ProjectConfigurationPlatforms) = postSolution
		{3E4213D3-5F02-49B0-9051-ED39FE353185}.Debug|x64.ActiveCfg = Debug|x64
		{3E4213D3-5F02-49B0-9051-ED39FE353185}.Debug|x64.Build.0 = Debug|x64
		{3E4213D3-5F02-49B0-9051-ED39FE353185}.Debug|x86.ActiveCfg = Debug|Win32
		{3E4213D3-5F02-49B0-9051-ED39FE353185}.Debug|x86.Build.0 = Debug|Win32
		{3E4213D3-5F02-49B0-9051-ED39FE353185}.Release|x64.ActiveCfg = Release|x64
		{3E4213D3-5F02-49B0-9051-ED39FE353185}.Release|x64.Build.0 = Release|x64
		{3E4213D3-5F02-49B0-9051-ED39FE353185}.Release|x86.ActiveCfg = Release|Win32
		{3E4213D3-5F02-49B0-9051-ED39FE353185}.Release|x86.Build.0 = Release|Win32
	EndGlobalSection
	GlobalSection(SolutionProperties) = preSolution
		HideSolutionNode = FALSE
	EndGlobalSection
	GlobalSection(ExtensibilityGlobals) = postSolution
		SolutionGuid = {4935ED8F-380E-4B63-88B5-2AD7B1A0C87A}
	EndGlobalSection
EndGlobal
